// !$*UTF8*$!
{
	archiveVersion = 1;
	classes = {
	};
	objectVersion = 46;
	objects = {

/* Begin PBXBuildFile section */
		231436D01A9D78FF00F513D6 /* MMWormhole.m in Sources */ = {isa = PBXBuildFile; fileRef = 231436CF1A9D78FF00F513D6 /* MMWormhole.m */; };
		232897EA1AAE5FF20062BB2F /* bomb.gif in Resources */ = {isa = PBXBuildFile; fileRef = 232897E81AAE5FF10062BB2F /* bomb.gif */; };
		232897EB1AAE5FF20062BB2F /* plane.jpg in Resources */ = {isa = PBXBuildFile; fileRef = 232897E91AAE5FF20062BB2F /* plane.jpg */; };
		232B9C501AB4B8D60019D2F2 /* WLSegment.m in Sources */ = {isa = PBXBuildFile; fileRef = 232B9C491AB4B8D60019D2F2 /* WLSegment.m */; };
		232B9C511AB4B8D60019D2F2 /* WLSegmentedControl.m in Sources */ = {isa = PBXBuildFile; fileRef = 232B9C4B1AB4B8D60019D2F2 /* WLSegmentedControl.m */; };
		232B9C521AB4B8D60019D2F2 /* WLVerticalSegmentedControl.m in Sources */ = {isa = PBXBuildFile; fileRef = 232B9C4E1AB4B8D60019D2F2 /* WLVerticalSegmentedControl.m */; };
		2340D2E51AA0102F00F51F99 /* FriendsListViewController.m in Sources */ = {isa = PBXBuildFile; fileRef = 2340D2E41AA0102F00F51F99 /* FriendsListViewController.m */; };
		2340D2E81AA013A000F51F99 /* FriendTableViewCell.m in Sources */ = {isa = PBXBuildFile; fileRef = 2340D2E71AA013A000F51F99 /* FriendTableViewCell.m */; };
		2340D2ED1AA03AD100F51F99 /* appicon.png in Resources */ = {isa = PBXBuildFile; fileRef = 2340D2EA1AA03AD100F51F99 /* appicon.png */; };
		2340D2EF1AA03AD100F51F99 /* cushion5.png in Resources */ = {isa = PBXBuildFile; fileRef = 2340D2EC1AA03AD100F51F99 /* cushion5.png */; };
		2340D2F01AA03B2B00F51F99 /* appicon.png in Resources */ = {isa = PBXBuildFile; fileRef = 2340D2EA1AA03AD100F51F99 /* appicon.png */; };
		2340D2F21AA03B3000F51F99 /* cushion5.png in Resources */ = {isa = PBXBuildFile; fileRef = 2340D2EC1AA03AD100F51F99 /* cushion5.png */; };
		2340D2F71AA0457700F51F99 /* appicon58.png in Resources */ = {isa = PBXBuildFile; fileRef = 2340D2F31AA0457700F51F99 /* appicon58.png */; };
		2340D2F81AA0457700F51F99 /* appicon80.png in Resources */ = {isa = PBXBuildFile; fileRef = 2340D2F41AA0457700F51F99 /* appicon80.png */; };
		2340D2F91AA0457700F51F99 /* appicon120.png in Resources */ = {isa = PBXBuildFile; fileRef = 2340D2F51AA0457700F51F99 /* appicon120.png */; };
		2340D2FA1AA0457700F51F99 /* appicon87.png in Resources */ = {isa = PBXBuildFile; fileRef = 2340D2F61AA0457700F51F99 /* appicon87.png */; };
		2344AD911AB72E5600AF82A8 /* SettingsViewController.m in Sources */ = {isa = PBXBuildFile; fileRef = 2344AD901AB72E5600AF82A8 /* SettingsViewController.m */; };
		23607E9E1A8D1D6A00EEAADF /* PersistentDictionary.m in Sources */ = {isa = PBXBuildFile; fileRef = 23607E9D1A8D1D6A00EEAADF /* PersistentDictionary.m */; };
		23607EA11A8D1D8C00EEAADF /* Singleton.m in Sources */ = {isa = PBXBuildFile; fileRef = 23607EA01A8D1D8C00EEAADF /* Singleton.m */; };
		236DBA351AB76C7C008B057D /* airstrike.mp3 in Resources */ = {isa = PBXBuildFile; fileRef = 236DBA341AB76C7C008B057D /* airstrike.mp3 */; };
		23781A711AB55EB200B22C21 /* UIView+Explode.m in Sources */ = {isa = PBXBuildFile; fileRef = 23781A701AB55EB200B22C21 /* UIView+Explode.m */; };
		238A897C1A9A5CC000B1BF1A /* cushion1.png in Resources */ = {isa = PBXBuildFile; fileRef = 238A89761A9A5CC000B1BF1A /* cushion1.png */; };
		238A897E1A9A5CC000B1BF1A /* cushion2.png in Resources */ = {isa = PBXBuildFile; fileRef = 238A89781A9A5CC000B1BF1A /* cushion2.png */; };
		238A897F1A9A5CC000B1BF1A /* cushion3.png in Resources */ = {isa = PBXBuildFile; fileRef = 238A89791A9A5CC000B1BF1A /* cushion3.png */; };
		238A89811A9A5CC000B1BF1A /* cushion4.png in Resources */ = {isa = PBXBuildFile; fileRef = 238A897B1A9A5CC000B1BF1A /* cushion4.png */; };
		238A89911A9A5E8900B1BF1A /* testBackground.jpg in Resources */ = {isa = PBXBuildFile; fileRef = 238A89901A9A5E8900B1BF1A /* testBackground.jpg */; };
		238B3EE01A97BD3A0040FD24 /* camera44.png in Resources */ = {isa = PBXBuildFile; fileRef = 238B3EDF1A97BD3A0040FD24 /* camera44.png */; };
		23B553131AA26DB30020A91A /* facebook7.png in Resources */ = {isa = PBXBuildFile; fileRef = 23B553121AA26DB30020A91A /* facebook7.png */; };
		23B5532D1AA274B90020A91A /* nut4.png in Resources */ = {isa = PBXBuildFile; fileRef = 23B5532C1AA274B90020A91A /* nut4.png */; };
		23B5533C1AA2DC120020A91A /* IntermediateViewController.m in Sources */ = {isa = PBXBuildFile; fileRef = 23B5533B1AA2DC120020A91A /* IntermediateViewController.m */; };
		23B553401AA2E6790020A91A /* BombingViewController.m in Sources */ = {isa = PBXBuildFile; fileRef = 23B5533F1AA2E6790020A91A /* BombingViewController.m */; };
		23B826DF1A7FFC7000116B02 /* main.m in Sources */ = {isa = PBXBuildFile; fileRef = 23B826DE1A7FFC7000116B02 /* main.m */; };
		23B826E21A7FFC7000116B02 /* AppDelegate.m in Sources */ = {isa = PBXBuildFile; fileRef = 23B826E11A7FFC7000116B02 /* AppDelegate.m */; };
		23B826E51A7FFC7000116B02 /* MainViewController.m in Sources */ = {isa = PBXBuildFile; fileRef = 23B826E41A7FFC7000116B02 /* MainViewController.m */; };
		23B826EA1A7FFC7000116B02 /* Images.xcassets in Resources */ = {isa = PBXBuildFile; fileRef = 23B826E91A7FFC7000116B02 /* Images.xcassets */; };
		23B826ED1A7FFC7000116B02 /* LaunchScreen.xib in Resources */ = {isa = PBXBuildFile; fileRef = 23B826EB1A7FFC7000116B02 /* LaunchScreen.xib */; };
		23B826F91A7FFC7000116B02 /* FartWatchTests.m in Sources */ = {isa = PBXBuildFile; fileRef = 23B826F81A7FFC7000116B02 /* FartWatchTests.m */; };
		23B827101A7FFD3000116B02 /* NotificationController.m in Sources */ = {isa = PBXBuildFile; fileRef = 23B8270F1A7FFD3000116B02 /* NotificationController.m */; };
		23B827131A7FFD3000116B02 /* GlanceController.m in Sources */ = {isa = PBXBuildFile; fileRef = 23B827121A7FFD3000116B02 /* GlanceController.m */; };
		23B827151A7FFD3000116B02 /* Images.xcassets in Resources */ = {isa = PBXBuildFile; fileRef = 23B827141A7FFD3000116B02 /* Images.xcassets */; };
		23B827191A7FFD3000116B02 /* FartWatch WatchKit App.app in Resources */ = {isa = PBXBuildFile; fileRef = 23B827181A7FFD3000116B02 /* FartWatch WatchKit App.app */; };
		23B827211A7FFD3000116B02 /* Interface.storyboard in Resources */ = {isa = PBXBuildFile; fileRef = 23B8271F1A7FFD3000116B02 /* Interface.storyboard */; };
		23B827231A7FFD3100116B02 /* Images.xcassets in Resources */ = {isa = PBXBuildFile; fileRef = 23B827221A7FFD3100116B02 /* Images.xcassets */; };
		23B827261A7FFD3100116B02 /* FartWatch WatchKit Extension.appex in Embed App Extensions */ = {isa = PBXBuildFile; fileRef = 23B827061A7FFD2F00116B02 /* FartWatch WatchKit Extension.appex */; settings = {ATTRIBUTES = (RemoveHeadersOnCopy, ); }; };
		23B8272E1A800AB500116B02 /* InterfaceController.m in Sources */ = {isa = PBXBuildFile; fileRef = 23B8270C1A7FFD3000116B02 /* InterfaceController.m */; };
		23E78A091AB8932A00A1FE52 /* StoreManager.m in Sources */ = {isa = PBXBuildFile; fileRef = 23E78A071AB8932A00A1FE52 /* StoreManager.m */; };
		23E78A171AB91FB300A1FE52 /* appiconlarge.png in Resources */ = {isa = PBXBuildFile; fileRef = 23E78A161AB91FB300A1FE52 /* appiconlarge.png */; };
		23F08A8F1A965B200033BE56 /* testImg.png in Resources */ = {isa = PBXBuildFile; fileRef = 23F08A8E1A965B200033BE56 /* testImg.png */; };
		23F671FF1AB019B000A7038F /* bomber.png in Resources */ = {isa = PBXBuildFile; fileRef = 23F671FD1AB019B000A7038F /* bomber.png */; };
		23F672001AB019B000A7038F /* beanBomb.png in Resources */ = {isa = PBXBuildFile; fileRef = 23F671FE1AB019B000A7038F /* beanBomb.png */; };
		23F672021AB01E0B00A7038F /* locked59.png in Resources */ = {isa = PBXBuildFile; fileRef = 23F672011AB01E0B00A7038F /* locked59.png */; };
		23F672111AB0A95B00A7038F /* AdSingleton.m in Sources */ = {isa = PBXBuildFile; fileRef = 23F672101AB0A95B00A7038F /* AdSingleton.m */; };
		23F6CF751A9D1C2000F4C541 /* cushion2.png in Resources */ = {isa = PBXBuildFile; fileRef = 238A89781A9A5CC000B1BF1A /* cushion2.png */; };
		23FA75411AA0DE6F00F2E5FE /* FBLoginController.m in Sources */ = {isa = PBXBuildFile; fileRef = 23FA75401AA0DE6F00F2E5FE /* FBLoginController.m */; };
		23FA756D1AA17C6C00F2E5FE /* fart7.caf in Resources */ = {isa = PBXBuildFile; fileRef = 23FA75661AA17C6C00F2E5FE /* fart7.caf */; };
		23FA756E1AA17C6C00F2E5FE /* fart6.caf in Resources */ = {isa = PBXBuildFile; fileRef = 23FA75671AA17C6C00F2E5FE /* fart6.caf */; };
		23FA756F1AA17C6C00F2E5FE /* fart5.caf in Resources */ = {isa = PBXBuildFile; fileRef = 23FA75681AA17C6C00F2E5FE /* fart5.caf */; };
		23FA75701AA17C6C00F2E5FE /* fart4.caf in Resources */ = {isa = PBXBuildFile; fileRef = 23FA75691AA17C6C00F2E5FE /* fart4.caf */; };
		23FA75711AA17C6C00F2E5FE /* fart3.caf in Resources */ = {isa = PBXBuildFile; fileRef = 23FA756A1AA17C6C00F2E5FE /* fart3.caf */; };
		23FA75721AA17C6C00F2E5FE /* fart2.caf in Resources */ = {isa = PBXBuildFile; fileRef = 23FA756B1AA17C6C00F2E5FE /* fart2.caf */; };
		23FA75731AA17C6C00F2E5FE /* fart1.caf in Resources */ = {isa = PBXBuildFile; fileRef = 23FA756C1AA17C6C00F2E5FE /* fart1.caf */; };
		23FA75751AA1982700F2E5FE /* group4.png in Resources */ = {isa = PBXBuildFile; fileRef = 23FA75741AA1982700F2E5FE /* group4.png */; };
		97ADBDE9B5AF89A6E3B512BD /* libPods.a in Frameworks */ = {isa = PBXBuildFile; fileRef = DD9AA9A2114706CD3EA10D08 /* libPods.a */; };
/* End PBXBuildFile section */

/* Begin PBXContainerItemProxy section */
		23B826F31A7FFC7000116B02 /* PBXContainerItemProxy */ = {
			isa = PBXContainerItemProxy;
			containerPortal = 23B826D11A7FFC7000116B02 /* Project object */;
			proxyType = 1;
			remoteGlobalIDString = 23B826D81A7FFC7000116B02;
			remoteInfo = FartWatch;
		};
		23B8271A1A7FFD3000116B02 /* PBXContainerItemProxy */ = {
			isa = PBXContainerItemProxy;
			containerPortal = 23B826D11A7FFC7000116B02 /* Project object */;
			proxyType = 1;
			remoteGlobalIDString = 23B827171A7FFD3000116B02;
			remoteInfo = "FartWatch WatchKit App";
		};
		23B827241A7FFD3100116B02 /* PBXContainerItemProxy */ = {
			isa = PBXContainerItemProxy;
			containerPortal = 23B826D11A7FFC7000116B02 /* Project object */;
			proxyType = 1;
			remoteGlobalIDString = 23B827051A7FFD2F00116B02;
			remoteInfo = "FartWatch WatchKit Extension";
		};
/* End PBXContainerItemProxy section */

/* Begin PBXCopyFilesBuildPhase section */
		23B8272D1A7FFD3100116B02 /* Embed App Extensions */ = {
			isa = PBXCopyFilesBuildPhase;
			buildActionMask = 2147483647;
			dstPath = "";
			dstSubfolderSpec = 13;
			files = (
				23B827261A7FFD3100116B02 /* FartWatch WatchKit Extension.appex in Embed App Extensions */,
			);
			name = "Embed App Extensions";
			runOnlyForDeploymentPostprocessing = 0;
		};
/* End PBXCopyFilesBuildPhase section */

/* Begin PBXFileReference section */
		231436CE1A9D78FF00F513D6 /* MMWormhole.h */ = {isa = PBXFileReference; fileEncoding = 4; lastKnownFileType = sourcecode.c.h; path = MMWormhole.h; sourceTree = "<group>"; };
		231436CF1A9D78FF00F513D6 /* MMWormhole.m */ = {isa = PBXFileReference; fileEncoding = 4; lastKnownFileType = sourcecode.c.objc; path = MMWormhole.m; sourceTree = "<group>"; };
		232897E81AAE5FF10062BB2F /* bomb.gif */ = {isa = PBXFileReference; lastKnownFileType = image.gif; path = bomb.gif; sourceTree = SOURCE_ROOT; };
		232897E91AAE5FF20062BB2F /* plane.jpg */ = {isa = PBXFileReference; lastKnownFileType = image.jpeg; path = plane.jpg; sourceTree = SOURCE_ROOT; };
		232B9C481AB4B8D60019D2F2 /* WLSegment.h */ = {isa = PBXFileReference; fileEncoding = 4; lastKnownFileType = sourcecode.c.h; path = WLSegment.h; sourceTree = "<group>"; };
		232B9C491AB4B8D60019D2F2 /* WLSegment.m */ = {isa = PBXFileReference; fileEncoding = 4; lastKnownFileType = sourcecode.c.objc; path = WLSegment.m; sourceTree = "<group>"; };
		232B9C4A1AB4B8D60019D2F2 /* WLSegmentedControl.h */ = {isa = PBXFileReference; fileEncoding = 4; lastKnownFileType = sourcecode.c.h; path = WLSegmentedControl.h; sourceTree = "<group>"; };
		232B9C4B1AB4B8D60019D2F2 /* WLSegmentedControl.m */ = {isa = PBXFileReference; fileEncoding = 4; lastKnownFileType = sourcecode.c.objc; path = WLSegmentedControl.m; sourceTree = "<group>"; };
		232B9C4D1AB4B8D60019D2F2 /* WLVerticalSegmentedControl.h */ = {isa = PBXFileReference; fileEncoding = 4; lastKnownFileType = sourcecode.c.h; path = WLVerticalSegmentedControl.h; sourceTree = "<group>"; };
		232B9C4E1AB4B8D60019D2F2 /* WLVerticalSegmentedControl.m */ = {isa = PBXFileReference; fileEncoding = 4; lastKnownFileType = sourcecode.c.objc; path = WLVerticalSegmentedControl.m; sourceTree = "<group>"; };
		2340D2E31AA0102F00F51F99 /* FriendsListViewController.h */ = {isa = PBXFileReference; fileEncoding = 4; lastKnownFileType = sourcecode.c.h; path = FriendsListViewController.h; sourceTree = "<group>"; };
		2340D2E41AA0102F00F51F99 /* FriendsListViewController.m */ = {isa = PBXFileReference; fileEncoding = 4; lastKnownFileType = sourcecode.c.objc; path = FriendsListViewController.m; sourceTree = "<group>"; };
		2340D2E61AA013A000F51F99 /* FriendTableViewCell.h */ = {isa = PBXFileReference; fileEncoding = 4; lastKnownFileType = sourcecode.c.h; path = FriendTableViewCell.h; sourceTree = "<group>"; };
		2340D2E71AA013A000F51F99 /* FriendTableViewCell.m */ = {isa = PBXFileReference; fileEncoding = 4; lastKnownFileType = sourcecode.c.objc; path = FriendTableViewCell.m; sourceTree = "<group>"; };
		2340D2EA1AA03AD100F51F99 /* appicon.png */ = {isa = PBXFileReference; lastKnownFileType = image.png; path = appicon.png; sourceTree = "<group>"; };
		2340D2EC1AA03AD100F51F99 /* cushion5.png */ = {isa = PBXFileReference; lastKnownFileType = image.png; name = cushion5.png; path = ../FinIcons/cushion5.png; sourceTree = "<group>"; };
		2340D2F31AA0457700F51F99 /* appicon58.png */ = {isa = PBXFileReference; lastKnownFileType = image.png; path = appicon58.png; sourceTree = "<group>"; };
		2340D2F41AA0457700F51F99 /* appicon80.png */ = {isa = PBXFileReference; lastKnownFileType = image.png; path = appicon80.png; sourceTree = "<group>"; };
		2340D2F51AA0457700F51F99 /* appicon120.png */ = {isa = PBXFileReference; lastKnownFileType = image.png; path = appicon120.png; sourceTree = "<group>"; };
		2340D2F61AA0457700F51F99 /* appicon87.png */ = {isa = PBXFileReference; lastKnownFileType = image.png; path = appicon87.png; sourceTree = "<group>"; };
		2344AD8F1AB72E5600AF82A8 /* SettingsViewController.h */ = {isa = PBXFileReference; fileEncoding = 4; lastKnownFileType = sourcecode.c.h; path = SettingsViewController.h; sourceTree = "<group>"; };
		2344AD901AB72E5600AF82A8 /* SettingsViewController.m */ = {isa = PBXFileReference; fileEncoding = 4; lastKnownFileType = sourcecode.c.objc; path = SettingsViewController.m; sourceTree = "<group>"; };
		23607E9C1A8D1D6A00EEAADF /* PersistentDictionary.h */ = {isa = PBXFileReference; fileEncoding = 4; lastKnownFileType = sourcecode.c.h; name = PersistentDictionary.h; path = FartWatch/PersistentDictionary.h; sourceTree = "<group>"; };
		23607E9D1A8D1D6A00EEAADF /* PersistentDictionary.m */ = {isa = PBXFileReference; fileEncoding = 4; lastKnownFileType = sourcecode.c.objc; name = PersistentDictionary.m; path = FartWatch/PersistentDictionary.m; sourceTree = "<group>"; };
		23607E9F1A8D1D8C00EEAADF /* Singleton.h */ = {isa = PBXFileReference; fileEncoding = 4; lastKnownFileType = sourcecode.c.h; name = Singleton.h; path = FartWatch/Singleton.h; sourceTree = "<group>"; };
		23607EA01A8D1D8C00EEAADF /* Singleton.m */ = {isa = PBXFileReference; fileEncoding = 4; lastKnownFileType = sourcecode.c.objc; name = Singleton.m; path = FartWatch/Singleton.m; sourceTree = "<group>"; };
		236DBA341AB76C7C008B057D /* airstrike.mp3 */ = {isa = PBXFileReference; lastKnownFileType = audio.mp3; name = airstrike.mp3; path = Sounds/airstrike.mp3; sourceTree = SOURCE_ROOT; };
		23781A6F1AB55EB200B22C21 /* UIView+Explode.h */ = {isa = PBXFileReference; fileEncoding = 4; lastKnownFileType = sourcecode.c.h; path = "UIView+Explode.h"; sourceTree = "<group>"; };
		23781A701AB55EB200B22C21 /* UIView+Explode.m */ = {isa = PBXFileReference; fileEncoding = 4; lastKnownFileType = sourcecode.c.objc; path = "UIView+Explode.m"; sourceTree = "<group>"; };
		238A89761A9A5CC000B1BF1A /* cushion1.png */ = {isa = PBXFileReference; lastKnownFileType = image.png; name = cushion1.png; path = ../Resources/cushion1.png; sourceTree = "<group>"; };
		238A89781A9A5CC000B1BF1A /* cushion2.png */ = {isa = PBXFileReference; lastKnownFileType = image.png; name = cushion2.png; path = ../Resources/cushion2.png; sourceTree = "<group>"; };
		238A89791A9A5CC000B1BF1A /* cushion3.png */ = {isa = PBXFileReference; lastKnownFileType = image.png; name = cushion3.png; path = ../Resources/cushion3.png; sourceTree = "<group>"; };
		238A897B1A9A5CC000B1BF1A /* cushion4.png */ = {isa = PBXFileReference; lastKnownFileType = image.png; name = cushion4.png; path = ../Resources/cushion4.png; sourceTree = "<group>"; };
		238A89901A9A5E8900B1BF1A /* testBackground.jpg */ = {isa = PBXFileReference; lastKnownFileType = image.jpeg; path = testBackground.jpg; sourceTree = SOURCE_ROOT; };
		238B3EDF1A97BD3A0040FD24 /* camera44.png */ = {isa = PBXFileReference; lastKnownFileType = image.png; path = camera44.png; sourceTree = SOURCE_ROOT; };
		23B553121AA26DB30020A91A /* facebook7.png */ = {isa = PBXFileReference; lastKnownFileType = image.png; path = facebook7.png; sourceTree = SOURCE_ROOT; };
		23B5532C1AA274B90020A91A /* nut4.png */ = {isa = PBXFileReference; lastKnownFileType = image.png; path = nut4.png; sourceTree = SOURCE_ROOT; };
		23B5533A1AA2DC110020A91A /* IntermediateViewController.h */ = {isa = PBXFileReference; fileEncoding = 4; lastKnownFileType = sourcecode.c.h; path = IntermediateViewController.h; sourceTree = "<group>"; };
		23B5533B1AA2DC120020A91A /* IntermediateViewController.m */ = {isa = PBXFileReference; fileEncoding = 4; lastKnownFileType = sourcecode.c.objc; path = IntermediateViewController.m; sourceTree = "<group>"; };
		23B5533E1AA2E6790020A91A /* BombingViewController.h */ = {isa = PBXFileReference; fileEncoding = 4; lastKnownFileType = sourcecode.c.h; path = BombingViewController.h; sourceTree = "<group>"; };
		23B5533F1AA2E6790020A91A /* BombingViewController.m */ = {isa = PBXFileReference; fileEncoding = 4; lastKnownFileType = sourcecode.c.objc; path = BombingViewController.m; sourceTree = "<group>"; };
		23B826D91A7FFC7000116B02 /* FartWatch.app */ = {isa = PBXFileReference; explicitFileType = wrapper.application; includeInIndex = 0; path = FartWatch.app; sourceTree = BUILT_PRODUCTS_DIR; };
		23B826DD1A7FFC7000116B02 /* Info.plist */ = {isa = PBXFileReference; lastKnownFileType = text.plist.xml; path = Info.plist; sourceTree = "<group>"; };
		23B826DE1A7FFC7000116B02 /* main.m */ = {isa = PBXFileReference; lastKnownFileType = sourcecode.c.objc; path = main.m; sourceTree = "<group>"; };
		23B826E01A7FFC7000116B02 /* AppDelegate.h */ = {isa = PBXFileReference; lastKnownFileType = sourcecode.c.h; path = AppDelegate.h; sourceTree = "<group>"; };
		23B826E11A7FFC7000116B02 /* AppDelegate.m */ = {isa = PBXFileReference; lastKnownFileType = sourcecode.c.objc; path = AppDelegate.m; sourceTree = "<group>"; };
		23B826E31A7FFC7000116B02 /* MainViewController.h */ = {isa = PBXFileReference; lastKnownFileType = sourcecode.c.h; path = MainViewController.h; sourceTree = "<group>"; };
		23B826E41A7FFC7000116B02 /* MainViewController.m */ = {isa = PBXFileReference; lastKnownFileType = sourcecode.c.objc; path = MainViewController.m; sourceTree = "<group>"; };
		23B826E91A7FFC7000116B02 /* Images.xcassets */ = {isa = PBXFileReference; lastKnownFileType = folder.assetcatalog; path = Images.xcassets; sourceTree = "<group>"; };
		23B826EC1A7FFC7000116B02 /* Base */ = {isa = PBXFileReference; lastKnownFileType = file.xib; name = Base; path = Base.lproj/LaunchScreen.xib; sourceTree = "<group>"; };
		23B826F21A7FFC7000116B02 /* FartWatchTests.xctest */ = {isa = PBXFileReference; explicitFileType = wrapper.cfbundle; includeInIndex = 0; path = FartWatchTests.xctest; sourceTree = BUILT_PRODUCTS_DIR; };
		23B826F71A7FFC7000116B02 /* Info.plist */ = {isa = PBXFileReference; lastKnownFileType = text.plist.xml; path = Info.plist; sourceTree = "<group>"; };
		23B826F81A7FFC7000116B02 /* FartWatchTests.m */ = {isa = PBXFileReference; lastKnownFileType = sourcecode.c.objc; path = FartWatchTests.m; sourceTree = "<group>"; };
		23B827061A7FFD2F00116B02 /* FartWatch WatchKit Extension.appex */ = {isa = PBXFileReference; explicitFileType = "wrapper.app-extension"; includeInIndex = 0; path = "FartWatch WatchKit Extension.appex"; sourceTree = BUILT_PRODUCTS_DIR; };
		23B827091A7FFD2F00116B02 /* Info.plist */ = {isa = PBXFileReference; lastKnownFileType = text.plist.xml; path = Info.plist; sourceTree = "<group>"; };
		23B8270A1A7FFD2F00116B02 /* PushNotificationPayload.apns */ = {isa = PBXFileReference; lastKnownFileType = text; path = PushNotificationPayload.apns; sourceTree = "<group>"; };
		23B8270B1A7FFD3000116B02 /* InterfaceController.h */ = {isa = PBXFileReference; lastKnownFileType = sourcecode.c.h; path = InterfaceController.h; sourceTree = "<group>"; };
		23B8270C1A7FFD3000116B02 /* InterfaceController.m */ = {isa = PBXFileReference; lastKnownFileType = sourcecode.c.objc; path = InterfaceController.m; sourceTree = "<group>"; };
		23B8270E1A7FFD3000116B02 /* NotificationController.h */ = {isa = PBXFileReference; lastKnownFileType = sourcecode.c.h; path = NotificationController.h; sourceTree = "<group>"; };
		23B8270F1A7FFD3000116B02 /* NotificationController.m */ = {isa = PBXFileReference; lastKnownFileType = sourcecode.c.objc; path = NotificationController.m; sourceTree = "<group>"; };
		23B827111A7FFD3000116B02 /* GlanceController.h */ = {isa = PBXFileReference; lastKnownFileType = sourcecode.c.h; path = GlanceController.h; sourceTree = "<group>"; };
		23B827121A7FFD3000116B02 /* GlanceController.m */ = {isa = PBXFileReference; lastKnownFileType = sourcecode.c.objc; path = GlanceController.m; sourceTree = "<group>"; };
		23B827141A7FFD3000116B02 /* Images.xcassets */ = {isa = PBXFileReference; lastKnownFileType = folder.assetcatalog; path = Images.xcassets; sourceTree = "<group>"; };
		23B827181A7FFD3000116B02 /* FartWatch WatchKit App.app */ = {isa = PBXFileReference; explicitFileType = wrapper.application; includeInIndex = 0; path = "FartWatch WatchKit App.app"; sourceTree = BUILT_PRODUCTS_DIR; };
		23B8271E1A7FFD3000116B02 /* Info.plist */ = {isa = PBXFileReference; lastKnownFileType = text.plist.xml; path = Info.plist; sourceTree = "<group>"; };
		23B827201A7FFD3000116B02 /* Base */ = {isa = PBXFileReference; lastKnownFileType = file.storyboard; name = Base; path = Base.lproj/Interface.storyboard; sourceTree = "<group>"; };
		23B827221A7FFD3100116B02 /* Images.xcassets */ = {isa = PBXFileReference; lastKnownFileType = folder.assetcatalog; path = Images.xcassets; sourceTree = "<group>"; };
		23E78A071AB8932A00A1FE52 /* StoreManager.m */ = {isa = PBXFileReference; fileEncoding = 4; lastKnownFileType = sourcecode.c.objc; path = StoreManager.m; sourceTree = "<group>"; };
		23E78A081AB8932A00A1FE52 /* StoreManager.h */ = {isa = PBXFileReference; fileEncoding = 4; lastKnownFileType = sourcecode.c.h; path = StoreManager.h; sourceTree = "<group>"; };
		23E78A161AB91FB300A1FE52 /* appiconlarge.png */ = {isa = PBXFileReference; lastKnownFileType = image.png; name = appiconlarge.png; path = FinIcons/appiconlarge.png; sourceTree = SOURCE_ROOT; };
		23F08A8E1A965B200033BE56 /* testImg.png */ = {isa = PBXFileReference; lastKnownFileType = image.png; path = testImg.png; sourceTree = SOURCE_ROOT; };
		23F671EE1AAFF0D200A7038F /* PrefixHeader.pch */ = {isa = PBXFileReference; fileEncoding = 4; lastKnownFileType = sourcecode.c.h; path = PrefixHeader.pch; sourceTree = "<group>"; };
		23F671FD1AB019B000A7038F /* bomber.png */ = {isa = PBXFileReference; lastKnownFileType = image.png; path = bomber.png; sourceTree = SOURCE_ROOT; };
		23F671FE1AB019B000A7038F /* beanBomb.png */ = {isa = PBXFileReference; lastKnownFileType = image.png; path = beanBomb.png; sourceTree = SOURCE_ROOT; };
		23F672011AB01E0B00A7038F /* locked59.png */ = {isa = PBXFileReference; lastKnownFileType = image.png; path = locked59.png; sourceTree = SOURCE_ROOT; };
		23F6720F1AB0A95B00A7038F /* AdSingleton.h */ = {isa = PBXFileReference; fileEncoding = 4; lastKnownFileType = sourcecode.c.h; path = AdSingleton.h; sourceTree = "<group>"; };
		23F672101AB0A95B00A7038F /* AdSingleton.m */ = {isa = PBXFileReference; fileEncoding = 4; lastKnownFileType = sourcecode.c.objc; path = AdSingleton.m; sourceTree = "<group>"; };
		23FA753F1AA0DE6F00F2E5FE /* FBLoginController.h */ = {isa = PBXFileReference; fileEncoding = 4; lastKnownFileType = sourcecode.c.h; path = FBLoginController.h; sourceTree = "<group>"; };
		23FA75401AA0DE6F00F2E5FE /* FBLoginController.m */ = {isa = PBXFileReference; fileEncoding = 4; lastKnownFileType = sourcecode.c.objc; path = FBLoginController.m; sourceTree = "<group>"; };
		23FA75661AA17C6C00F2E5FE /* fart7.caf */ = {isa = PBXFileReference; lastKnownFileType = file; name = fart7.caf; path = Sounds/fart7.caf; sourceTree = SOURCE_ROOT; };
		23FA75671AA17C6C00F2E5FE /* fart6.caf */ = {isa = PBXFileReference; lastKnownFileType = file; name = fart6.caf; path = Sounds/fart6.caf; sourceTree = SOURCE_ROOT; };
		23FA75681AA17C6C00F2E5FE /* fart5.caf */ = {isa = PBXFileReference; lastKnownFileType = file; name = fart5.caf; path = Sounds/fart5.caf; sourceTree = SOURCE_ROOT; };
		23FA75691AA17C6C00F2E5FE /* fart4.caf */ = {isa = PBXFileReference; lastKnownFileType = file; name = fart4.caf; path = Sounds/fart4.caf; sourceTree = SOURCE_ROOT; };
		23FA756A1AA17C6C00F2E5FE /* fart3.caf */ = {isa = PBXFileReference; lastKnownFileType = file; name = fart3.caf; path = Sounds/fart3.caf; sourceTree = SOURCE_ROOT; };
		23FA756B1AA17C6C00F2E5FE /* fart2.caf */ = {isa = PBXFileReference; lastKnownFileType = file; name = fart2.caf; path = Sounds/fart2.caf; sourceTree = SOURCE_ROOT; };
		23FA756C1AA17C6C00F2E5FE /* fart1.caf */ = {isa = PBXFileReference; lastKnownFileType = file; name = fart1.caf; path = Sounds/fart1.caf; sourceTree = SOURCE_ROOT; };
		23FA75741AA1982700F2E5FE /* group4.png */ = {isa = PBXFileReference; lastKnownFileType = image.png; path = group4.png; sourceTree = SOURCE_ROOT; };
		43A5EB4E1ABCEA41008C04CD /* FartWatch.entitlements */ = {isa = PBXFileReference; lastKnownFileType = text.xml; path = FartWatch.entitlements; sourceTree = "<group>"; };
		43A5EB4F1ABCEA5A008C04CD /* FartWatch WatchKit Extension.entitlements */ = {isa = PBXFileReference; lastKnownFileType = text.xml; path = "FartWatch WatchKit Extension.entitlements"; sourceTree = "<group>"; };
		D1EF0082B6DB1273505D3D77 /* Pods.release.xcconfig */ = {isa = PBXFileReference; includeInIndex = 1; lastKnownFileType = text.xcconfig; name = Pods.release.xcconfig; path = "Pods/Target Support Files/Pods/Pods.release.xcconfig"; sourceTree = "<group>"; };
		DD9AA9A2114706CD3EA10D08 /* libPods.a */ = {isa = PBXFileReference; explicitFileType = archive.ar; includeInIndex = 0; path = libPods.a; sourceTree = BUILT_PRODUCTS_DIR; };
		F7329181C9C717FFFBFB311D /* Pods.debug.xcconfig */ = {isa = PBXFileReference; includeInIndex = 1; lastKnownFileType = text.xcconfig; name = Pods.debug.xcconfig; path = "Pods/Target Support Files/Pods/Pods.debug.xcconfig"; sourceTree = "<group>"; };
/* End PBXFileReference section */

/* Begin PBXFrameworksBuildPhase section */
		23B826D61A7FFC7000116B02 /* Frameworks */ = {
			isa = PBXFrameworksBuildPhase;
			buildActionMask = 2147483647;
			files = (
				97ADBDE9B5AF89A6E3B512BD /* libPods.a in Frameworks */,
			);
			runOnlyForDeploymentPostprocessing = 0;
		};
		23B826EF1A7FFC7000116B02 /* Frameworks */ = {
			isa = PBXFrameworksBuildPhase;
			buildActionMask = 2147483647;
			files = (
			);
			runOnlyForDeploymentPostprocessing = 0;
		};
		23B827031A7FFD2F00116B02 /* Frameworks */ = {
			isa = PBXFrameworksBuildPhase;
			buildActionMask = 2147483647;
			files = (
			);
			runOnlyForDeploymentPostprocessing = 0;
		};
/* End PBXFrameworksBuildPhase section */

/* Begin PBXGroup section */
		232B9C451AB4B8D60019D2F2 /* VerticalStuff */ = {
			isa = PBXGroup;
			children = (
				232B9C481AB4B8D60019D2F2 /* WLSegment.h */,
				232B9C491AB4B8D60019D2F2 /* WLSegment.m */,
				232B9C4A1AB4B8D60019D2F2 /* WLSegmentedControl.h */,
				232B9C4B1AB4B8D60019D2F2 /* WLSegmentedControl.m */,
				232B9C4D1AB4B8D60019D2F2 /* WLVerticalSegmentedControl.h */,
				232B9C4E1AB4B8D60019D2F2 /* WLVerticalSegmentedControl.m */,
			);
			path = VerticalStuff;
			sourceTree = "<group>";
		};
		2340D2E91AA03AD100F51F99 /* FinIcons */ = {
			isa = PBXGroup;
			children = (
				23E78A161AB91FB300A1FE52 /* appiconlarge.png */,
				2340D2F31AA0457700F51F99 /* appicon58.png */,
				2340D2F41AA0457700F51F99 /* appicon80.png */,
				2340D2F51AA0457700F51F99 /* appicon120.png */,
				2340D2F61AA0457700F51F99 /* appicon87.png */,
				2340D2EA1AA03AD100F51F99 /* appicon.png */,
			);
			path = FinIcons;
			sourceTree = SOURCE_ROOT;
		};
		234F40761A89309200B7D9E5 /* LaunchScreen */ = {
			isa = PBXGroup;
			children = (
				23B826EB1A7FFC7000116B02 /* LaunchScreen.xib */,
			);
			name = LaunchScreen;
			sourceTree = "<group>";
		};
		23607EA41A8EDF3600EEAADF /* Helpers */ = {
			isa = PBXGroup;
			children = (
				23607E9C1A8D1D6A00EEAADF /* PersistentDictionary.h */,
				23607E9D1A8D1D6A00EEAADF /* PersistentDictionary.m */,
				23607E9F1A8D1D8C00EEAADF /* Singleton.h */,
				23607EA01A8D1D8C00EEAADF /* Singleton.m */,
			);
			name = Helpers;
			path = ..;
			sourceTree = "<group>";
		};
		236AE9DB1A959452003A56ED /* Photos */ = {
			isa = PBXGroup;
			children = (
				23F672011AB01E0B00A7038F /* locked59.png */,
				23F671FD1AB019B000A7038F /* bomber.png */,
				23F671FE1AB019B000A7038F /* beanBomb.png */,
				232897E81AAE5FF10062BB2F /* bomb.gif */,
				232897E91AAE5FF20062BB2F /* plane.jpg */,
				23B5532C1AA274B90020A91A /* nut4.png */,
				23B553121AA26DB30020A91A /* facebook7.png */,
				23FA75741AA1982700F2E5FE /* group4.png */,
				238A89901A9A5E8900B1BF1A /* testBackground.jpg */,
				238B3EDF1A97BD3A0040FD24 /* camera44.png */,
				23F08A8E1A965B200033BE56 /* testImg.png */,
				238A89761A9A5CC000B1BF1A /* cushion1.png */,
				238A89781A9A5CC000B1BF1A /* cushion2.png */,
				238A89791A9A5CC000B1BF1A /* cushion3.png */,
				238A897B1A9A5CC000B1BF1A /* cushion4.png */,
				2340D2EC1AA03AD100F51F99 /* cushion5.png */,
			);
			name = Photos;
			sourceTree = "<group>";
		};
		23B5533D1AA2DC1E0020A91A /* OLD */ = {
			isa = PBXGroup;
			children = (
				23FA753F1AA0DE6F00F2E5FE /* FBLoginController.h */,
				23FA75401AA0DE6F00F2E5FE /* FBLoginController.m */,
				2340D2E31AA0102F00F51F99 /* FriendsListViewController.h */,
				2340D2E41AA0102F00F51F99 /* FriendsListViewController.m */,
			);
			name = OLD;
			sourceTree = "<group>";
		};
		23B826D01A7FFC7000116B02 = {
			isa = PBXGroup;
			children = (
				23B826DB1A7FFC7000116B02 /* FartWatch */,
				23B826F51A7FFC7000116B02 /* FartWatchTests */,
				23B827071A7FFD2F00116B02 /* FartWatch WatchKit Extension */,
				23B826DA1A7FFC7000116B02 /* Products */,
				FE86BC801F031D1468611C2D /* Pods */,
				9CDF2A208DA33239CD1C902E /* Frameworks */,
			);
			sourceTree = "<group>";
		};
		23B826DA1A7FFC7000116B02 /* Products */ = {
			isa = PBXGroup;
			children = (
				23B826D91A7FFC7000116B02 /* FartWatch.app */,
				23B826F21A7FFC7000116B02 /* FartWatchTests.xctest */,
				23B827061A7FFD2F00116B02 /* FartWatch WatchKit Extension.appex */,
				23B827181A7FFD3000116B02 /* FartWatch WatchKit App.app */,
			);
			name = Products;
			sourceTree = "<group>";
		};
		23B826DB1A7FFC7000116B02 /* FartWatch */ = {
			isa = PBXGroup;
			children = (
				43A5EB4E1ABCEA41008C04CD /* FartWatch.entitlements */,
				23781A6F1AB55EB200B22C21 /* UIView+Explode.h */,
				23781A701AB55EB200B22C21 /* UIView+Explode.m */,
				23B826E01A7FFC7000116B02 /* AppDelegate.h */,
				23B826E11A7FFC7000116B02 /* AppDelegate.m */,
				23B826E31A7FFC7000116B02 /* MainViewController.h */,
				23B826E41A7FFC7000116B02 /* MainViewController.m */,
				23F6720F1AB0A95B00A7038F /* AdSingleton.h */,
				23F672101AB0A95B00A7038F /* AdSingleton.m */,
				23B5533A1AA2DC110020A91A /* IntermediateViewController.h */,
				23B5533B1AA2DC120020A91A /* IntermediateViewController.m */,
				23B5533E1AA2E6790020A91A /* BombingViewController.h */,
				23B5533F1AA2E6790020A91A /* BombingViewController.m */,
				23E78A081AB8932A00A1FE52 /* StoreManager.h */,
				23E78A071AB8932A00A1FE52 /* StoreManager.m */,
				2340D2E61AA013A000F51F99 /* FriendTableViewCell.h */,
				2340D2E71AA013A000F51F99 /* FriendTableViewCell.m */,
				2344AD8F1AB72E5600AF82A8 /* SettingsViewController.h */,
				2344AD901AB72E5600AF82A8 /* SettingsViewController.m */,
				232B9C451AB4B8D60019D2F2 /* VerticalStuff */,
				23B5533D1AA2DC1E0020A91A /* OLD */,
				2340D2E91AA03AD100F51F99 /* FinIcons */,
				236AE9DB1A959452003A56ED /* Photos */,
				23BD14181A93DA8A0016AA5E /* Sounds */,
				23607EA41A8EDF3600EEAADF /* Helpers */,
				234F40761A89309200B7D9E5 /* LaunchScreen */,
				23B8271C1A7FFD3000116B02 /* FartWatch WatchKit App */,
				23B826E91A7FFC7000116B02 /* Images.xcassets */,
				23B826DC1A7FFC7000116B02 /* Supporting Files */,
			);
			path = FartWatch;
			sourceTree = "<group>";
		};
		23B826DC1A7FFC7000116B02 /* Supporting Files */ = {
			isa = PBXGroup;
			children = (
				23F671EE1AAFF0D200A7038F /* PrefixHeader.pch */,
				23B826DE1A7FFC7000116B02 /* main.m */,
				23B826DD1A7FFC7000116B02 /* Info.plist */,
			);
			name = "Supporting Files";
			sourceTree = "<group>";
		};
		23B826F51A7FFC7000116B02 /* FartWatchTests */ = {
			isa = PBXGroup;
			children = (
				23B826F81A7FFC7000116B02 /* FartWatchTests.m */,
				23B826F61A7FFC7000116B02 /* Supporting Files */,
			);
			path = FartWatchTests;
			sourceTree = "<group>";
		};
		23B826F61A7FFC7000116B02 /* Supporting Files */ = {
			isa = PBXGroup;
			children = (
				23B826F71A7FFC7000116B02 /* Info.plist */,
			);
			name = "Supporting Files";
			sourceTree = "<group>";
		};
		23B827071A7FFD2F00116B02 /* FartWatch WatchKit Extension */ = {
			isa = PBXGroup;
			children = (
				43A5EB4F1ABCEA5A008C04CD /* FartWatch WatchKit Extension.entitlements */,
				23B8270B1A7FFD3000116B02 /* InterfaceController.h */,
				23B8270C1A7FFD3000116B02 /* InterfaceController.m */,
				231436CE1A9D78FF00F513D6 /* MMWormhole.h */,
				231436CF1A9D78FF00F513D6 /* MMWormhole.m */,
				23B8270E1A7FFD3000116B02 /* NotificationController.h */,
				23B8270F1A7FFD3000116B02 /* NotificationController.m */,
				23B827111A7FFD3000116B02 /* GlanceController.h */,
				23B827121A7FFD3000116B02 /* GlanceController.m */,
				23B827141A7FFD3000116B02 /* Images.xcassets */,
				23B827081A7FFD2F00116B02 /* Supporting Files */,
			);
			path = "FartWatch WatchKit Extension";
			sourceTree = "<group>";
		};
		23B827081A7FFD2F00116B02 /* Supporting Files */ = {
			isa = PBXGroup;
			children = (
				23B827091A7FFD2F00116B02 /* Info.plist */,
				23B8270A1A7FFD2F00116B02 /* PushNotificationPayload.apns */,
			);
			name = "Supporting Files";
			sourceTree = "<group>";
		};
		23B8271C1A7FFD3000116B02 /* FartWatch WatchKit App */ = {
			isa = PBXGroup;
			children = (
				23B8271F1A7FFD3000116B02 /* Interface.storyboard */,
				23B8271D1A7FFD3000116B02 /* Supporting Files */,
				23B827221A7FFD3100116B02 /* Images.xcassets */,
			);
			path = "FartWatch WatchKit App";
			sourceTree = SOURCE_ROOT;
		};
		23B8271D1A7FFD3000116B02 /* Supporting Files */ = {
			isa = PBXGroup;
			children = (
				23B8271E1A7FFD3000116B02 /* Info.plist */,
			);
			name = "Supporting Files";
			sourceTree = "<group>";
		};
		23BD14181A93DA8A0016AA5E /* Sounds */ = {
			isa = PBXGroup;
			children = (
				236DBA341AB76C7C008B057D /* airstrike.mp3 */,
				23FA756C1AA17C6C00F2E5FE /* fart1.caf */,
				23FA756B1AA17C6C00F2E5FE /* fart2.caf */,
				23FA756A1AA17C6C00F2E5FE /* fart3.caf */,
				23FA75691AA17C6C00F2E5FE /* fart4.caf */,
				23FA75681AA17C6C00F2E5FE /* fart5.caf */,
				23FA75671AA17C6C00F2E5FE /* fart6.caf */,
				23FA75661AA17C6C00F2E5FE /* fart7.caf */,
			);
			name = Sounds;
			sourceTree = "<group>";
		};
		9CDF2A208DA33239CD1C902E /* Frameworks */ = {
			isa = PBXGroup;
			children = (
				DD9AA9A2114706CD3EA10D08 /* libPods.a */,
			);
			name = Frameworks;
			sourceTree = "<group>";
		};
		FE86BC801F031D1468611C2D /* Pods */ = {
			isa = PBXGroup;
			children = (
				F7329181C9C717FFFBFB311D /* Pods.debug.xcconfig */,
				D1EF0082B6DB1273505D3D77 /* Pods.release.xcconfig */,
			);
			name = Pods;
			sourceTree = "<group>";
		};
/* End PBXGroup section */

/* Begin PBXNativeTarget section */
		23B826D81A7FFC7000116B02 /* FartWatch */ = {
			isa = PBXNativeTarget;
			buildConfigurationList = 23B826FC1A7FFC7000116B02 /* Build configuration list for PBXNativeTarget "FartWatch" */;
			buildPhases = (
				D50C1E79AF39A13E7F18D0A1 /* Check Pods Manifest.lock */,
				23B826D51A7FFC7000116B02 /* Sources */,
				23B826D61A7FFC7000116B02 /* Frameworks */,
				23B826D71A7FFC7000116B02 /* Resources */,
				23B8272D1A7FFD3100116B02 /* Embed App Extensions */,
				DECCCB167077F498C45095A6 /* Copy Pods Resources */,
			);
			buildRules = (
			);
			dependencies = (
				23B827251A7FFD3100116B02 /* PBXTargetDependency */,
			);
			name = FartWatch;
			productName = FartWatch;
			productReference = 23B826D91A7FFC7000116B02 /* FartWatch.app */;
			productType = "com.apple.product-type.application";
		};
		23B826F11A7FFC7000116B02 /* FartWatchTests */ = {
			isa = PBXNativeTarget;
			buildConfigurationList = 23B826FF1A7FFC7000116B02 /* Build configuration list for PBXNativeTarget "FartWatchTests" */;
			buildPhases = (
				23B826EE1A7FFC7000116B02 /* Sources */,
				23B826EF1A7FFC7000116B02 /* Frameworks */,
				23B826F01A7FFC7000116B02 /* Resources */,
			);
			buildRules = (
			);
			dependencies = (
				23B826F41A7FFC7000116B02 /* PBXTargetDependency */,
			);
			name = FartWatchTests;
			productName = FartWatchTests;
			productReference = 23B826F21A7FFC7000116B02 /* FartWatchTests.xctest */;
			productType = "com.apple.product-type.bundle.unit-test";
		};
		23B827051A7FFD2F00116B02 /* FartWatch WatchKit Extension */ = {
			isa = PBXNativeTarget;
			buildConfigurationList = 23B8272A1A7FFD3100116B02 /* Build configuration list for PBXNativeTarget "FartWatch WatchKit Extension" */;
			buildPhases = (
				23B827021A7FFD2F00116B02 /* Sources */,
				23B827031A7FFD2F00116B02 /* Frameworks */,
				23B827041A7FFD2F00116B02 /* Resources */,
			);
			buildRules = (
			);
			dependencies = (
				23B8271B1A7FFD3000116B02 /* PBXTargetDependency */,
			);
			name = "FartWatch WatchKit Extension";
			productName = "FartWatch WatchKit Extension";
			productReference = 23B827061A7FFD2F00116B02 /* FartWatch WatchKit Extension.appex */;
			productType = "com.apple.product-type.watchkit-extension";
		};
		23B827171A7FFD3000116B02 /* FartWatch WatchKit App */ = {
			isa = PBXNativeTarget;
			buildConfigurationList = 23B827271A7FFD3100116B02 /* Build configuration list for PBXNativeTarget "FartWatch WatchKit App" */;
			buildPhases = (
				23B827161A7FFD3000116B02 /* Resources */,
			);
			buildRules = (
			);
			dependencies = (
			);
			name = "FartWatch WatchKit App";
			productName = "FartWatch WatchKit App";
			productReference = 23B827181A7FFD3000116B02 /* FartWatch WatchKit App.app */;
			productType = "com.apple.product-type.application.watchapp";
		};
/* End PBXNativeTarget section */

/* Begin PBXProject section */
		23B826D11A7FFC7000116B02 /* Project object */ = {
			isa = PBXProject;
			attributes = {
				LastUpgradeCheck = 0620;
				ORGANIZATIONNAME = "Jake Saferstein";
				TargetAttributes = {
					23B826D81A7FFC7000116B02 = {
						CreatedOnToolsVersion = 6.2;
						DevelopmentTeam = EYAM5ZUJCY;
						SystemCapabilities = {
							com.apple.ApplicationGroups.iOS = {
								enabled = 1;
							};
						};
					};
					23B826F11A7FFC7000116B02 = {
						CreatedOnToolsVersion = 6.2;
						TestTargetID = 23B826D81A7FFC7000116B02;
					};
					23B827051A7FFD2F00116B02 = {
						CreatedOnToolsVersion = 6.2;
						DevelopmentTeam = EYAM5ZUJCY;
						SystemCapabilities = {
							com.apple.ApplicationGroups.iOS = {
								enabled = 1;
							};
						};
					};
					23B827171A7FFD3000116B02 = {
						CreatedOnToolsVersion = 6.2;
						DevelopmentTeam = EYAM5ZUJCY;
					};
				};
			};
			buildConfigurationList = 23B826D41A7FFC7000116B02 /* Build configuration list for PBXProject "FartWatch" */;
			compatibilityVersion = "Xcode 3.2";
			developmentRegion = English;
			hasScannedForEncodings = 0;
			knownRegions = (
				en,
				Base,
				he,
			);
			mainGroup = 23B826D01A7FFC7000116B02;
			productRefGroup = 23B826DA1A7FFC7000116B02 /* Products */;
			projectDirPath = "";
			projectRoot = "";
			targets = (
				23B826D81A7FFC7000116B02 /* FartWatch */,
				23B826F11A7FFC7000116B02 /* FartWatchTests */,
				23B827051A7FFD2F00116B02 /* FartWatch WatchKit Extension */,
				23B827171A7FFD3000116B02 /* FartWatch WatchKit App */,
			);
		};
/* End PBXProject section */

/* Begin PBXResourcesBuildPhase section */
		23B826D71A7FFC7000116B02 /* Resources */ = {
			isa = PBXResourcesBuildPhase;
			buildActionMask = 2147483647;
			files = (
				2340D2ED1AA03AD100F51F99 /* appicon.png in Resources */,
				23FA756E1AA17C6C00F2E5FE /* fart6.caf in Resources */,
				23B5532D1AA274B90020A91A /* nut4.png in Resources */,
				23FA756F1AA17C6C00F2E5FE /* fart5.caf in Resources */,
				23B826ED1A7FFC7000116B02 /* LaunchScreen.xib in Resources */,
				23E78A171AB91FB300A1FE52 /* appiconlarge.png in Resources */,
				23FA756D1AA17C6C00F2E5FE /* fart7.caf in Resources */,
				23F672001AB019B000A7038F /* beanBomb.png in Resources */,
				238A897F1A9A5CC000B1BF1A /* cushion3.png in Resources */,
				2340D2F81AA0457700F51F99 /* appicon80.png in Resources */,
				2340D2EF1AA03AD100F51F99 /* cushion5.png in Resources */,
				2340D2FA1AA0457700F51F99 /* appicon87.png in Resources */,
				2340D2F91AA0457700F51F99 /* appicon120.png in Resources */,
				232897EA1AAE5FF20062BB2F /* bomb.gif in Resources */,
				23B553131AA26DB30020A91A /* facebook7.png in Resources */,
				23FA75721AA17C6C00F2E5FE /* fart2.caf in Resources */,
				238A89911A9A5E8900B1BF1A /* testBackground.jpg in Resources */,
				238A897E1A9A5CC000B1BF1A /* cushion2.png in Resources */,
				23FA75751AA1982700F2E5FE /* group4.png in Resources */,
				232897EB1AAE5FF20062BB2F /* plane.jpg in Resources */,
				23FA75711AA17C6C00F2E5FE /* fart3.caf in Resources */,
				23F671FF1AB019B000A7038F /* bomber.png in Resources */,
				236DBA351AB76C7C008B057D /* airstrike.mp3 in Resources */,
				23FA75731AA17C6C00F2E5FE /* fart1.caf in Resources */,
				238B3EE01A97BD3A0040FD24 /* camera44.png in Resources */,
				23F08A8F1A965B200033BE56 /* testImg.png in Resources */,
				23B826EA1A7FFC7000116B02 /* Images.xcassets in Resources */,
				238A89811A9A5CC000B1BF1A /* cushion4.png in Resources */,
				23FA75701AA17C6C00F2E5FE /* fart4.caf in Resources */,
				2340D2F71AA0457700F51F99 /* appicon58.png in Resources */,
				238A897C1A9A5CC000B1BF1A /* cushion1.png in Resources */,
				23F672021AB01E0B00A7038F /* locked59.png in Resources */,
			);
			runOnlyForDeploymentPostprocessing = 0;
		};
		23B826F01A7FFC7000116B02 /* Resources */ = {
			isa = PBXResourcesBuildPhase;
			buildActionMask = 2147483647;
			files = (
			);
			runOnlyForDeploymentPostprocessing = 0;
		};
		23B827041A7FFD2F00116B02 /* Resources */ = {
			isa = PBXResourcesBuildPhase;
			buildActionMask = 2147483647;
			files = (
				2340D2F01AA03B2B00F51F99 /* appicon.png in Resources */,
				2340D2F21AA03B3000F51F99 /* cushion5.png in Resources */,
				23B827151A7FFD3000116B02 /* Images.xcassets in Resources */,
				23B827191A7FFD3000116B02 /* FartWatch WatchKit App.app in Resources */,
				23F6CF751A9D1C2000F4C541 /* cushion2.png in Resources */,
			);
			runOnlyForDeploymentPostprocessing = 0;
		};
		23B827161A7FFD3000116B02 /* Resources */ = {
			isa = PBXResourcesBuildPhase;
			buildActionMask = 2147483647;
			files = (
				23B827211A7FFD3000116B02 /* Interface.storyboard in Resources */,
				23B827231A7FFD3100116B02 /* Images.xcassets in Resources */,
			);
			runOnlyForDeploymentPostprocessing = 0;
		};
/* End PBXResourcesBuildPhase section */

/* Begin PBXShellScriptBuildPhase section */
		D50C1E79AF39A13E7F18D0A1 /* Check Pods Manifest.lock */ = {
			isa = PBXShellScriptBuildPhase;
			buildActionMask = 2147483647;
			files = (
			);
			inputPaths = (
			);
			name = "Check Pods Manifest.lock";
			outputPaths = (
			);
			runOnlyForDeploymentPostprocessing = 0;
			shellPath = /bin/sh;
			shellScript = "diff \"${PODS_ROOT}/../Podfile.lock\" \"${PODS_ROOT}/Manifest.lock\" > /dev/null\nif [[ $? != 0 ]] ; then\n    cat << EOM\nerror: The sandbox is not in sync with the Podfile.lock. Run 'pod install' or update your CocoaPods installation.\nEOM\n    exit 1\nfi\n";
			showEnvVarsInLog = 0;
		};
		DECCCB167077F498C45095A6 /* Copy Pods Resources */ = {
			isa = PBXShellScriptBuildPhase;
			buildActionMask = 2147483647;
			files = (
			);
			inputPaths = (
			);
			name = "Copy Pods Resources";
			outputPaths = (
			);
			runOnlyForDeploymentPostprocessing = 0;
			shellPath = /bin/sh;
			shellScript = "\"${SRCROOT}/Pods/Target Support Files/Pods/Pods-resources.sh\"\n";
			showEnvVarsInLog = 0;
		};
/* End PBXShellScriptBuildPhase section */

/* Begin PBXSourcesBuildPhase section */
		23B826D51A7FFC7000116B02 /* Sources */ = {
			isa = PBXSourcesBuildPhase;
			buildActionMask = 2147483647;
			files = (
				23F672111AB0A95B00A7038F /* AdSingleton.m in Sources */,
				2340D2E51AA0102F00F51F99 /* FriendsListViewController.m in Sources */,
				232B9C521AB4B8D60019D2F2 /* WLVerticalSegmentedControl.m in Sources */,
				2344AD911AB72E5600AF82A8 /* SettingsViewController.m in Sources */,
				23B553401AA2E6790020A91A /* BombingViewController.m in Sources */,
				232B9C501AB4B8D60019D2F2 /* WLSegment.m in Sources */,
				23B826E51A7FFC7000116B02 /* MainViewController.m in Sources */,
				23B5533C1AA2DC120020A91A /* IntermediateViewController.m in Sources */,
				23B826E21A7FFC7000116B02 /* AppDelegate.m in Sources */,
				232B9C511AB4B8D60019D2F2 /* WLSegmentedControl.m in Sources */,
				23E78A091AB8932A00A1FE52 /* StoreManager.m in Sources */,
				23FA75411AA0DE6F00F2E5FE /* FBLoginController.m in Sources */,
				23607E9E1A8D1D6A00EEAADF /* PersistentDictionary.m in Sources */,
				23607EA11A8D1D8C00EEAADF /* Singleton.m in Sources */,
				23B826DF1A7FFC7000116B02 /* main.m in Sources */,
				23781A711AB55EB200B22C21 /* UIView+Explode.m in Sources */,
				2340D2E81AA013A000F51F99 /* FriendTableViewCell.m in Sources */,
			);
			runOnlyForDeploymentPostprocessing = 0;
		};
		23B826EE1A7FFC7000116B02 /* Sources */ = {
			isa = PBXSourcesBuildPhase;
			buildActionMask = 2147483647;
			files = (
				23B826F91A7FFC7000116B02 /* FartWatchTests.m in Sources */,
			);
			runOnlyForDeploymentPostprocessing = 0;
		};
		23B827021A7FFD2F00116B02 /* Sources */ = {
			isa = PBXSourcesBuildPhase;
			buildActionMask = 2147483647;
			files = (
				23B827101A7FFD3000116B02 /* NotificationController.m in Sources */,
				23B8272E1A800AB500116B02 /* InterfaceController.m in Sources */,
				231436D01A9D78FF00F513D6 /* MMWormhole.m in Sources */,
				23B827131A7FFD3000116B02 /* GlanceController.m in Sources */,
			);
			runOnlyForDeploymentPostprocessing = 0;
		};
/* End PBXSourcesBuildPhase section */

/* Begin PBXTargetDependency section */
		23B826F41A7FFC7000116B02 /* PBXTargetDependency */ = {
			isa = PBXTargetDependency;
			target = 23B826D81A7FFC7000116B02 /* FartWatch */;
			targetProxy = 23B826F31A7FFC7000116B02 /* PBXContainerItemProxy */;
		};
		23B8271B1A7FFD3000116B02 /* PBXTargetDependency */ = {
			isa = PBXTargetDependency;
			target = 23B827171A7FFD3000116B02 /* FartWatch WatchKit App */;
			targetProxy = 23B8271A1A7FFD3000116B02 /* PBXContainerItemProxy */;
		};
		23B827251A7FFD3100116B02 /* PBXTargetDependency */ = {
			isa = PBXTargetDependency;
			target = 23B827051A7FFD2F00116B02 /* FartWatch WatchKit Extension */;
			targetProxy = 23B827241A7FFD3100116B02 /* PBXContainerItemProxy */;
		};
/* End PBXTargetDependency section */

/* Begin PBXVariantGroup section */
		23B826EB1A7FFC7000116B02 /* LaunchScreen.xib */ = {
			isa = PBXVariantGroup;
			children = (
				23B826EC1A7FFC7000116B02 /* Base */,
			);
			name = LaunchScreen.xib;
			sourceTree = "<group>";
		};
		23B8271F1A7FFD3000116B02 /* Interface.storyboard */ = {
			isa = PBXVariantGroup;
			children = (
				23B827201A7FFD3000116B02 /* Base */,
			);
			name = Interface.storyboard;
			sourceTree = "<group>";
		};
/* End PBXVariantGroup section */

/* Begin XCBuildConfiguration section */
		23B826FA1A7FFC7000116B02 /* Debug */ = {
			isa = XCBuildConfiguration;
			buildSettings = {
				ALWAYS_SEARCH_USER_PATHS = NO;
				CLANG_CXX_LANGUAGE_STANDARD = "gnu++0x";
				CLANG_CXX_LIBRARY = "libc++";
				CLANG_ENABLE_MODULES = YES;
				CLANG_ENABLE_OBJC_ARC = YES;
				CLANG_WARN_BOOL_CONVERSION = YES;
				CLANG_WARN_CONSTANT_CONVERSION = YES;
				CLANG_WARN_DIRECT_OBJC_ISA_USAGE = YES_ERROR;
				CLANG_WARN_EMPTY_BODY = YES;
				CLANG_WARN_ENUM_CONVERSION = YES;
				CLANG_WARN_INT_CONVERSION = YES;
				CLANG_WARN_OBJC_ROOT_CLASS = YES_ERROR;
				CLANG_WARN_UNREACHABLE_CODE = YES;
				CLANG_WARN__DUPLICATE_METHOD_MATCH = YES;
				"CODE_SIGN_IDENTITY[sdk=iphoneos*]" = "iPhone Developer";
				COPY_PHASE_STRIP = NO;
				ENABLE_STRICT_OBJC_MSGSEND = YES;
				GCC_C_LANGUAGE_STANDARD = gnu99;
				GCC_DYNAMIC_NO_PIC = NO;
				GCC_OPTIMIZATION_LEVEL = 0;
				GCC_PREPROCESSOR_DEFINITIONS = (
					"DEBUG=1",
					"$(inherited)",
				);
				GCC_SYMBOLS_PRIVATE_EXTERN = NO;
				GCC_WARN_64_TO_32_BIT_CONVERSION = YES;
				GCC_WARN_ABOUT_RETURN_TYPE = YES_ERROR;
				GCC_WARN_UNDECLARED_SELECTOR = YES;
				GCC_WARN_UNINITIALIZED_AUTOS = YES_AGGRESSIVE;
				GCC_WARN_UNUSED_FUNCTION = YES;
				GCC_WARN_UNUSED_VARIABLE = YES;
				IPHONEOS_DEPLOYMENT_TARGET = 8.2;
				MTL_ENABLE_DEBUG_INFO = YES;
				ONLY_ACTIVE_ARCH = YES;
				SDKROOT = iphoneos;
			};
			name = Debug;
		};
		23B826FB1A7FFC7000116B02 /* Release */ = {
			isa = XCBuildConfiguration;
			buildSettings = {
				ALWAYS_SEARCH_USER_PATHS = NO;
				CLANG_CXX_LANGUAGE_STANDARD = "gnu++0x";
				CLANG_CXX_LIBRARY = "libc++";
				CLANG_ENABLE_MODULES = YES;
				CLANG_ENABLE_OBJC_ARC = YES;
				CLANG_WARN_BOOL_CONVERSION = YES;
				CLANG_WARN_CONSTANT_CONVERSION = YES;
				CLANG_WARN_DIRECT_OBJC_ISA_USAGE = YES_ERROR;
				CLANG_WARN_EMPTY_BODY = YES;
				CLANG_WARN_ENUM_CONVERSION = YES;
				CLANG_WARN_INT_CONVERSION = YES;
				CLANG_WARN_OBJC_ROOT_CLASS = YES_ERROR;
				CLANG_WARN_UNREACHABLE_CODE = YES;
				CLANG_WARN__DUPLICATE_METHOD_MATCH = YES;
				"CODE_SIGN_IDENTITY[sdk=iphoneos*]" = "iPhone Developer";
				COPY_PHASE_STRIP = NO;
				ENABLE_NS_ASSERTIONS = NO;
				ENABLE_STRICT_OBJC_MSGSEND = YES;
				GCC_C_LANGUAGE_STANDARD = gnu99;
				GCC_WARN_64_TO_32_BIT_CONVERSION = YES;
				GCC_WARN_ABOUT_RETURN_TYPE = YES_ERROR;
				GCC_WARN_UNDECLARED_SELECTOR = YES;
				GCC_WARN_UNINITIALIZED_AUTOS = YES_AGGRESSIVE;
				GCC_WARN_UNUSED_FUNCTION = YES;
				GCC_WARN_UNUSED_VARIABLE = YES;
				IPHONEOS_DEPLOYMENT_TARGET = 8.2;
				MTL_ENABLE_DEBUG_INFO = NO;
				SDKROOT = iphoneos;
				VALIDATE_PRODUCT = YES;
			};
			name = Release;
		};
		23B826FD1A7FFC7000116B02 /* Debug */ = {
			isa = XCBuildConfiguration;
			baseConfigurationReference = F7329181C9C717FFFBFB311D /* Pods.debug.xcconfig */;
			buildSettings = {
				ASSETCATALOG_COMPILER_APPICON_NAME = AppIcon;
				CODE_SIGN_ENTITLEMENTS = FartWatch/FartWatch.entitlements;
				CODE_SIGN_IDENTITY = "iPhone Developer";
				"CODE_SIGN_IDENTITY[sdk=iphoneos*]" = "iPhone Developer";
				FRAMEWORK_SEARCH_PATHS = (
					"$(inherited)",
					"$(PROJECT_DIR)",
					"/Users/JakeSaf/Documents/parse-library-1.6.5",
					/Users/JakeSaf/Documents/FacebookSDK,
					/Users/JakeSaf/Desktop,
				);
				GCC_PRECOMPILE_PREFIX_HEADER = YES;
				GCC_PREFIX_HEADER = FartWatch/PrefixHeader.pch;
				INFOPLIST_FILE = FartWatch/Info.plist;
				IPHONEOS_DEPLOYMENT_TARGET = 8.1;
				LD_RUNPATH_SEARCH_PATHS = "$(inherited) @executable_path/Frameworks";
				OTHER_LIBTOOLFLAGS = "$(OTHER_LDFLAGS)";
				PRODUCT_NAME = "$(TARGET_NAME)";
				PROVISIONING_PROFILE = "";
			};
			name = Debug;
		};
		23B826FE1A7FFC7000116B02 /* Release */ = {
			isa = XCBuildConfiguration;
			baseConfigurationReference = D1EF0082B6DB1273505D3D77 /* Pods.release.xcconfig */;
			buildSettings = {
				ASSETCATALOG_COMPILER_APPICON_NAME = AppIcon;
				CODE_SIGN_ENTITLEMENTS = FartWatch/FartWatch.entitlements;
				CODE_SIGN_IDENTITY = "iPhone Developer";
				"CODE_SIGN_IDENTITY[sdk=iphoneos*]" = "iPhone Developer";
				FRAMEWORK_SEARCH_PATHS = (
					"$(inherited)",
					"$(PROJECT_DIR)",
					"/Users/JakeSaf/Documents/parse-library-1.6.5",
					/Users/JakeSaf/Documents/FacebookSDK,
					/Users/JakeSaf/Desktop,
				);
				GCC_PRECOMPILE_PREFIX_HEADER = YES;
				GCC_PREFIX_HEADER = FartWatch/PrefixHeader.pch;
				INFOPLIST_FILE = FartWatch/Info.plist;
				IPHONEOS_DEPLOYMENT_TARGET = 8.1;
				LD_RUNPATH_SEARCH_PATHS = "$(inherited) @executable_path/Frameworks";
				OTHER_LIBTOOLFLAGS = "$(OTHER_LDFLAGS)";
				PRODUCT_NAME = "$(TARGET_NAME)";
				PROVISIONING_PROFILE = "";
			};
			name = Release;
		};
		23B827001A7FFC7000116B02 /* Debug */ = {
			isa = XCBuildConfiguration;
			buildSettings = {
				BUNDLE_LOADER = "$(TEST_HOST)";
				FRAMEWORK_SEARCH_PATHS = (
					"$(SDKROOT)/Developer/Library/Frameworks",
					"$(inherited)",
				);
				GCC_PREPROCESSOR_DEFINITIONS = (
					"DEBUG=1",
					"$(inherited)",
				);
				INFOPLIST_FILE = FartWatchTests/Info.plist;
				LD_RUNPATH_SEARCH_PATHS = "$(inherited) @executable_path/Frameworks @loader_path/Frameworks";
				PRODUCT_NAME = "$(TARGET_NAME)";
				TEST_HOST = "$(BUILT_PRODUCTS_DIR)/FartWatch.app/FartWatch";
			};
			name = Debug;
		};
		23B827011A7FFC7000116B02 /* Release */ = {
			isa = XCBuildConfiguration;
			buildSettings = {
				BUNDLE_LOADER = "$(TEST_HOST)";
				FRAMEWORK_SEARCH_PATHS = (
					"$(SDKROOT)/Developer/Library/Frameworks",
					"$(inherited)",
				);
				INFOPLIST_FILE = FartWatchTests/Info.plist;
				LD_RUNPATH_SEARCH_PATHS = "$(inherited) @executable_path/Frameworks @loader_path/Frameworks";
				PRODUCT_NAME = "$(TARGET_NAME)";
				TEST_HOST = "$(BUILT_PRODUCTS_DIR)/FartWatch.app/FartWatch";
			};
			name = Release;
		};
		23B827281A7FFD3100116B02 /* Debug */ = {
			isa = XCBuildConfiguration;
			buildSettings = {
				ASSETCATALOG_COMPILER_APPICON_NAME = AppIcon;
				ASSETCATALOG_COMPILER_LAUNCHIMAGE_NAME = LaunchImage;
				GCC_PREPROCESSOR_DEFINITIONS = (
					"DEBUG=1",
					"$(inherited)",
				);
				IBSC_MODULE = FartWatch_WatchKit_Extension;
				INFOPLIST_FILE = "FartWatch WatchKit App/Info.plist";
				PRODUCT_NAME = "$(TARGET_NAME)";
				SKIP_INSTALL = YES;
				TARGETED_DEVICE_FAMILY = 4;
				"TARGETED_DEVICE_FAMILY[sdk=iphonesimulator*]" = "1,4";
			};
			name = Debug;
		};
		23B827291A7FFD3100116B02 /* Release */ = {
			isa = XCBuildConfiguration;
			buildSettings = {
				ASSETCATALOG_COMPILER_APPICON_NAME = AppIcon;
				ASSETCATALOG_COMPILER_LAUNCHIMAGE_NAME = LaunchImage;
				IBSC_MODULE = FartWatch_WatchKit_Extension;
				INFOPLIST_FILE = "FartWatch WatchKit App/Info.plist";
				PRODUCT_NAME = "$(TARGET_NAME)";
				SKIP_INSTALL = YES;
				TARGETED_DEVICE_FAMILY = 4;
				"TARGETED_DEVICE_FAMILY[sdk=iphonesimulator*]" = "1,4";
			};
			name = Release;
		};
		23B8272B1A7FFD3100116B02 /* Debug */ = {
			isa = XCBuildConfiguration;
			buildSettings = {
				CODE_SIGN_ENTITLEMENTS = "FartWatch WatchKit Extension/FartWatch WatchKit Extension.entitlements";
				CODE_SIGN_IDENTITY = "iPhone Developer";
				"CODE_SIGN_IDENTITY[sdk=iphoneos*]" = "iPhone Developer";
				GCC_PREPROCESSOR_DEFINITIONS = (
					"DEBUG=1",
					"$(inherited)",
				);
				INFOPLIST_FILE = "FartWatch WatchKit Extension/Info.plist";
				LD_RUNPATH_SEARCH_PATHS = "$(inherited) @executable_path/Frameworks @executable_path/../../Frameworks";
				PRODUCT_NAME = "${TARGET_NAME}";
				PROVISIONING_PROFILE = "";
				SKIP_INSTALL = YES;
			};
			name = Debug;
		};
		23B8272C1A7FFD3100116B02 /* Release */ = {
			isa = XCBuildConfiguration;
			buildSettings = {
				CODE_SIGN_ENTITLEMENTS = "FartWatch WatchKit Extension/FartWatch WatchKit Extension.entitlements";
				CODE_SIGN_IDENTITY = "iPhone Developer";
				"CODE_SIGN_IDENTITY[sdk=iphoneos*]" = "iPhone Developer";
				INFOPLIST_FILE = "FartWatch WatchKit Extension/Info.plist";
				LD_RUNPATH_SEARCH_PATHS = "$(inherited) @executable_path/Frameworks @executable_path/../../Frameworks";
				PRODUCT_NAME = "${TARGET_NAME}";
				PROVISIONING_PROFILE = "";
				SKIP_INSTALL = YES;
			};
			name = Release;
		};
/* End XCBuildConfiguration section */

/* Begin XCConfigurationList section */
		23B826D41A7FFC7000116B02 /* Build configuration list for PBXProject "FartWatch" */ = {
			isa = XCConfigurationList;
			buildConfigurations = (
				23B826FA1A7FFC7000116B02 /* Debug */,
				23B826FB1A7FFC7000116B02 /* Release */,
			);
			defaultConfigurationIsVisible = 0;
			defaultConfigurationName = Release;
		};
		23B826FC1A7FFC7000116B02 /* Build configuration list for PBXNativeTarget "FartWatch" */ = {
			isa = XCConfigurationList;
			buildConfigurations = (
				23B826FD1A7FFC7000116B02 /* Debug */,
				23B826FE1A7FFC7000116B02 /* Release */,
			);
			defaultConfigurationIsVisible = 0;
			defaultConfigurationName = Release;
		};
		23B826FF1A7FFC7000116B02 /* Build configuration list for PBXNativeTarget "FartWatchTests" */ = {
			isa = XCConfigurationList;
			buildConfigurations = (
				23B827001A7FFC7000116B02 /* Debug */,
				23B827011A7FFC7000116B02 /* Release */,
			);
			defaultConfigurationIsVisible = 0;
			defaultConfigurationName = Release;
		};
		23B827271A7FFD3100116B02 /* Build configuration list for PBXNativeTarget "FartWatch WatchKit App" */ = {
			isa = XCConfigurationList;
			buildConfigurations = (
				23B827281A7FFD3100116B02 /* Debug */,
				23B827291A7FFD3100116B02 /* Release */,
			);
			defaultConfigurationIsVisible = 0;
			defaultConfigurationName = Release;
		};
		23B8272A1A7FFD3100116B02 /* Build configuration list for PBXNativeTarget "FartWatch WatchKit Extension" */ = {
			isa = XCConfigurationList;
			buildConfigurations = (
				23B8272B1A7FFD3100116B02 /* Debug */,
				23B8272C1A7FFD3100116B02 /* Release */,
			);
			defaultConfigurationIsVisible = 0;
			defaultConfigurationName = Release;
		};
/* End XCConfigurationList section */
	};
	rootObject = 23B826D11A7FFC7000116B02 /* Project object */;
}
